
Microsoft Visual Studio Solution File, Format Version 12.00
# Visual Studio Version 16
VisualStudioVersion = 16.0.29306.81
MinimumVisualStudioVersion = 10.0.40219.1
Project("{FAE04EC0-301F-11D3-BF4B-00C04F79EFBC}") = "MaterialDesignSkin", "MaterialDesignSkin.csproj", "{BB6388CF-89D3-40F6-91AB-CAD01F4DDDC9}"
EndProject
Project("{FAE04EC0-301F-11D3-BF4B-00C04F79EFBC}") = "DataInterfaces", "..\DataInterfaces\DataInterfaces\DataInterfaces.csproj", "{D1699CD0-EC5D-4BAC-AF4E-A145E417733B}"
EndProject
Global
	GlobalSection(SolutionConfigurationPlatforms) = preSolution
		Debug|Any CPU = Debug|Any CPU
		Debug|x64 = Debug|x64
		NET_46_DEBUG|Any CPU = NET_46_DEBUG|Any CPU
		NET_46_DEBUG|x64 = NET_46_DEBUG|x64
		NET_46_RELEASE|Any CPU = NET_46_RELEASE|Any CPU
		NET_46_RELEASE|x64 = NET_46_RELEASE|x64
		Release|Any CPU = Release|Any CPU
		Release|x64 = Release|x64
	EndGlobalSection
	GlobalSection(ProjectConfigurationPlatforms) = postSolution
		{BB6388CF-89D3-40F6-91AB-CAD01F4DDDC9}.Debug|Any CPU.ActiveCfg = Debug|Any CPU
		{BB6388CF-89D3-40F6-91AB-CAD01F4DDDC9}.Debug|Any CPU.Build.0 = Debug|Any CPU
		{BB6388CF-89D3-40F6-91AB-CAD01F4DDDC9}.Debug|x64.ActiveCfg = Debug|Any CPU
		{BB6388CF-89D3-40F6-91AB-CAD01F4DDDC9}.Debug|x64.Build.0 = Debug|Any CPU
		{BB6388CF-89D3-40F6-91AB-CAD01F4DDDC9}.NET_46_DEBUG|Any CPU.ActiveCfg = Release|Any CPU
		{BB6388CF-89D3-40F6-91AB-CAD01F4DDDC9}.NET_46_DEBUG|Any CPU.Build.0 = Release|Any CPU
		{BB6388CF-89D3-40F6-91AB-CAD01F4DDDC9}.NET_46_DEBUG|x64.ActiveCfg = Release|Any CPU
		{BB6388CF-89D3-40F6-91AB-CAD01F4DDDC9}.NET_46_DEBUG|x64.Build.0 = Release|Any CPU
		{BB6388CF-89D3-40F6-91AB-CAD01F4DDDC9}.NET_46_RELEASE|Any CPU.ActiveCfg = Release|Any CPU
		{BB6388CF-89D3-40F6-91AB-CAD01F4DDDC9}.NET_46_RELEASE|Any CPU.Build.0 = Release|Any CPU
		{BB6388CF-89D3-40F6-91AB-CAD01F4DDDC9}.NET_46_RELEASE|x64.ActiveCfg = Release|Any CPU
		{BB6388CF-89D3-40F6-91AB-CAD01F4DDDC9}.NET_46_RELEASE|x64.Build.0 = Release|Any CPU
		{BB6388CF-89D3-40F6-91AB-CAD01F4DDDC9}.Release|Any CPU.ActiveCfg = Release|Any CPU
		{BB6388CF-89D3-40F6-91AB-CAD01F4DDDC9}.Release|Any CPU.Build.0 = Release|Any CPU
		{BB6388CF-89D3-40F6-91AB-CAD01F4DDDC9}.Release|x64.ActiveCfg = Release|Any CPU
		{BB6388CF-89D3-40F6-91AB-CAD01F4DDDC9}.Release|x64.Build.0 = Release|Any CPU
		{D1699CD0-EC5D-4BAC-AF4E-A145E417733B}.Debug|Any CPU.ActiveCfg = Debug|Any CPU
		{D1699CD0-EC5D-4BAC-AF4E-A145E417733B}.Debug|Any CPU.Build.0 = Debug|Any CPU
		{D1699CD0-EC5D-4BAC-AF4E-A145E417733B}.Debug|x64.ActiveCfg = Debug|x64
		{D1699CD0-EC5D-4BAC-AF4E-A145E417733B}.Debug|x64.Build.0 = Debug|x64
		{D1699CD0-EC5D-4BAC-AF4E-A145E417733B}.NET_46_DEBUG|Any CPU.ActiveCfg = Release|Any CPU
		{D1699CD0-EC5D-4BAC-AF4E-A145E417733B}.NET_46_DEBUG|Any CPU.Build.0 = Release|Any CPU
		{D1699CD0-EC5D-4BAC-AF4E-A145E417733B}.NET_46_DEBUG|x64.ActiveCfg = Release|x64
		{D1699CD0-EC5D-4BAC-AF4E-A145E417733B}.NET_46_DEBUG|x64.Build.0 = Release|x64
		{D1699CD0-EC5D-4BAC-AF4E-A145E417733B}.NET_46_RELEASE|Any CPU.ActiveCfg = Release|Any CPU
		{D1699CD0-EC5D-4BAC-AF4E-A145E417733B}.NET_46_RELEASE|Any CPU.Build.0 = Release|Any CPU
		{D1699CD0-EC5D-4BAC-AF4E-A145E417733B}.NET_46_RELEASE|x64.ActiveCfg = Release|x64
		{D1699CD0-EC5D-4BAC-AF4E-A145E417733B}.NET_46_RELEASE|x64.Build.0 = Release|x64
		{D1699CD0-EC5D-4BAC-AF4E-A145E417733B}.Release|Any CPU.ActiveCfg = Release|Any CPU
		{D1699CD0-EC5D-4BAC-AF4E-A145E417733B}.Release|Any CPU.Build.0 = Release|Any CPU
		{D1699CD0-EC5D-4BAC-AF4E-A145E417733B}.Release|x64.ActiveCfg = Release|x64
		{D1699CD0-EC5D-4BAC-AF4E-A145E417733B}.Release|x64.Build.0 = Release|x64
	EndGlobalSection
	GlobalSection(SolutionProperties) = preSolution
		HideSolutionNode = FALSE
	EndGlobalSection
	GlobalSection(ExtensibilityGlobals) = postSolution
		SolutionGuid = {FB06F294-D59F-4183-9A15-336713BD54C4}
	EndGlobalSection
EndGlobal
