
Microsoft Visual Studio Solution File, Format Version 12.00
# Visual Studio 15
VisualStudioVersion = 15.0.27428.2005
MinimumVisualStudioVersion = 10.0.40219.1
Project("{FAE04EC0-301F-11D3-BF4B-00C04F79EFBC}") = "MaterialDesignSkin", "MaterialDesignSkin.csproj", "{BB6388CF-89D3-40F6-91AB-CAD01F4DDDC9}"
EndProject
Global
	GlobalSection(SolutionConfigurationPlatforms) = preSolution
		Debug|Any CPU = Debug|Any CPU
		Release|Any CPU = Release|Any CPU
	EndGlobalSection
	GlobalSection(ProjectConfigurationPlatforms) = postSolution
		{BB6388CF-89D3-40F6-91AB-CAD01F4DDDC9}.Debug|Any CPU.ActiveCfg = Debug|Any CPU
		{BB6388CF-89D3-40F6-91AB-CAD01F4DDDC9}.Debug|Any CPU.Build.0 = Debug|Any CPU
		{BB6388CF-89D3-40F6-91AB-CAD01F4DDDC9}.Release|Any CPU.ActiveCfg = Release|Any CPU
		{BB6388CF-89D3-40F6-91AB-CAD01F4DDDC9}.Release|Any CPU.Build.0 = Release|Any CPU
	EndGlobalSection
	GlobalSection(SolutionProperties) = preSolution
		HideSolutionNode = FALSE
	EndGlobalSection
	GlobalSection(ExtensibilityGlobals) = postSolution
		SolutionGuid = {FB06F294-D59F-4183-9A15-336713BD54C4}
	EndGlobalSection
EndGlobal
